
Microsoft Visual Studio Solution File, Format Version 12.00
# Visual Studio Version 17
VisualStudioVersion = 17.14.36518.9 d17.14
MinimumVisualStudioVersion = 10.0.40219.1
Project("{FAE04EC0-301F-11D3-BF4B-00C04F79EFBC}") = "Api-Project", "Api-Project\Api-Project.csproj", "{EFF8C6AD-D285-464A-AE3B-ABFDB2EE5D47}"
EndProject
Global
	GlobalSection(SolutionConfigurationPlatforms) = preSolution
		Debug|Any CPU = Debug|Any CPU
		Release|Any CPU = Release|Any CPU
	EndGlobalSection
	GlobalSection(ProjectConfigurationPlatforms) = postSolution
		{EFF8C6AD-D285-464A-AE3B-ABFDB2EE5D47}.Debug|Any CPU.ActiveCfg = Debug|Any CPU
		{EFF8C6AD-D285-464A-AE3B-ABFDB2EE5D47}.Debug|Any CPU.Build.0 = Debug|Any CPU
		{EFF8C6AD-D285-464A-AE3B-ABFDB2EE5D47}.Release|Any CPU.ActiveCfg = Release|Any CPU
		{EFF8C6AD-D285-464A-AE3B-ABFDB2EE5D47}.Release|Any CPU.Build.0 = Release|Any CPU
	EndGlobalSection
	GlobalSection(SolutionProperties) = preSolution
		HideSolutionNode = FALSE
	EndGlobalSection
	GlobalSection(ExtensibilityGlobals) = postSolution
		SolutionGuid = {651DB083-4FE1-499B-A195-F15B9F51D86A}
	EndGlobalSection
EndGlobal
